
Microsoft Visual Studio Solution File, Format Version 12.00
# Visual Studio Version 17
VisualStudioVersion = 17.14.36221.1 d17.14
MinimumVisualStudioVersion = 10.0.40219.1
Project("{FAE04EC0-301F-11D3-BF4B-00C04F79EFBC}") = "ExamenProgreso3", "ExamenProgreso3\ExamenProgreso3.csproj", "{C26EB348-20E4-4304-976F-2491FE0C4D51}"
EndProject
Project("{2150E333-8FDC-42A3-9474-1A3956D46DE8}") = "Models", "Models", "{02EA681E-C7D8-13C7-8484-4AC65E1B71E8}"
	ProjectSection(SolutionItems) = preProject
		Suscripcion.cs = Suscripcion.cs
	EndProjectSection
EndProject
Project("{2150E333-8FDC-42A3-9474-1A3956D46DE8}") = "Services", "Services", "{5BADD448-1FFD-4DAA-A04B-1B1D6A7B6374}"
	ProjectSection(SolutionItems) = preProject
		DatabaseService.cs = DatabaseService.cs
		LogService.cs = LogService.cs
	EndProjectSection
EndProject
Global
	GlobalSection(SolutionConfigurationPlatforms) = preSolution
		Debug|Any CPU = Debug|Any CPU
		Release|Any CPU = Release|Any CPU
	EndGlobalSection
	GlobalSection(ProjectConfigurationPlatforms) = postSolution
		{C26EB348-20E4-4304-976F-2491FE0C4D51}.Debug|Any CPU.ActiveCfg = Debug|Any CPU
		{C26EB348-20E4-4304-976F-2491FE0C4D51}.Debug|Any CPU.Build.0 = Debug|Any CPU
		{C26EB348-20E4-4304-976F-2491FE0C4D51}.Debug|Any CPU.Deploy.0 = Debug|Any CPU
		{C26EB348-20E4-4304-976F-2491FE0C4D51}.Release|Any CPU.ActiveCfg = Release|Any CPU
		{C26EB348-20E4-4304-976F-2491FE0C4D51}.Release|Any CPU.Build.0 = Release|Any CPU
		{C26EB348-20E4-4304-976F-2491FE0C4D51}.Release|Any CPU.Deploy.0 = Release|Any CPU
	EndGlobalSection
	GlobalSection(SolutionProperties) = preSolution
		HideSolutionNode = FALSE
	EndGlobalSection
	GlobalSection(ExtensibilityGlobals) = postSolution
		SolutionGuid = {AC9E23C1-0E5D-4B80-93EE-6C7CDA3F443D}
	EndGlobalSection
EndGlobal
